
Microsoft Visual Studio Solution File, Format Version 12.00
# Visual Studio Version 17
VisualStudioVersion = 17.4.33213.308
MinimumVisualStudioVersion = 10.0.40219.1
Project("{8BC9CEB8-8B4A-11D0-8D11-00A0C91BC942}") = "OmriRToolZ", "OmriRToolZ\OmriRToolZ.vcxproj", "{3E806623-DBD3-467B-A344-05D03C412D15}"
EndProject
Global
	GlobalSection(SolutionConfigurationPlatforms) = preSolution
		Debug|x64 = Debug|x64
		Debug|x86 = Debug|x86
		Release|x64 = Release|x64
		Release|x86 = Release|x86
	EndGlobalSection
	GlobalSection(ProjectConfigurationPlatforms) = postSolution
		{3E806623-DBD3-467B-A344-05D03C412D15}.Debug|x64.ActiveCfg = Debug|x64
		{3E806623-DBD3-467B-A344-05D03C412D15}.Debug|x64.Build.0 = Debug|x64
		{3E806623-DBD3-467B-A344-05D03C412D15}.Debug|x86.ActiveCfg = Debug|Win32
		{3E806623-DBD3-467B-A344-05D03C412D15}.Debug|x86.Build.0 = Debug|Win32
		{3E806623-DBD3-467B-A344-05D03C412D15}.Release|x64.ActiveCfg = Release|x64
		{3E806623-DBD3-467B-A344-05D03C412D15}.Release|x64.Build.0 = Release|x64
		{3E806623-DBD3-467B-A344-05D03C412D15}.Release|x86.ActiveCfg = Release|Win32
		{3E806623-DBD3-467B-A344-05D03C412D15}.Release|x86.Build.0 = Release|Win32
	EndGlobalSection
	GlobalSection(SolutionProperties) = preSolution
		HideSolutionNode = FALSE
	EndGlobalSection
	GlobalSection(ExtensibilityGlobals) = postSolution
		SolutionGuid = {17E20C6C-5A40-44DD-ADE8-BB1BD6994B94}
	EndGlobalSection
EndGlobal
